
Microsoft Visual Studio Solution File, Format Version 11.00
# Visual Studio 2010
Project("{2150E333-8FDC-42A3-9474-1A3956D46DE8}") = "src", "src", "{0DDF2CFF-41EF-4A84-BB80-7C86FDD0C551}"
EndProject
Project("{2150E333-8FDC-42A3-9474-1A3956D46DE8}") = "common", "common", "{3FC5570B-5B36-4141-8CF5-08A5D62B4257}"
	ProjectSection(SolutionItems) = preProject
		src\CommonAssemblyInfo.cs = src\CommonAssemblyInfo.cs
		src\CommonAssemblyInfo.Rpc.cs = src\CommonAssemblyInfo.Rpc.cs
	EndProjectSection
EndProject
Project("{2150E333-8FDC-42A3-9474-1A3956D46DE8}") = "test", "test", "{A0E70261-EF10-47D6-9C6D-AB0DCA95DBB7}"
EndProject
Project("{FAE04EC0-301F-11D3-BF4B-00C04F79EFBC}") = "MsgPack.Rpc", "src\MsgPack.Rpc\MsgPack.Rpc.csproj", "{77ABC1A9-0719-47AD-B2E1-0B12E49E3CD2}"
EndProject
Project("{FAE04EC0-301F-11D3-BF4B-00C04F79EFBC}") = "MsgPack.Rpc.Client", "src\MsgPack.Rpc.Client\MsgPack.Rpc.Client.csproj", "{39C460F9-9BE8-4497-AC2F-09C3A66D8D12}"
EndProject
Project("{FAE04EC0-301F-11D3-BF4B-00C04F79EFBC}") = "MsgPack.Rpc.Server", "src\MsgPack.Rpc.Server\MsgPack.Rpc.Server.csproj", "{58547F06-05A0-4BBE-B07D-00CDB172CC5F}"
EndProject
Project("{FAE04EC0-301F-11D3-BF4B-00C04F79EFBC}") = "MsgPack.Rpc.UnitTest", "test\MsgPack.Rpc.UnitTest\MsgPack.Rpc.UnitTest.csproj", "{BE554B14-047B-44FF-8F4F-5C514FEB5F80}"
EndProject
Project("{FAE04EC0-301F-11D3-BF4B-00C04F79EFBC}") = "MsgPack.Rpc.Client.UnitTest", "test\MsgPack.Rpc.Client.UnitTest\MsgPack.Rpc.Client.UnitTest.csproj", "{E293148A-C33A-4CD4-B324-9887D95BEE5F}"
EndProject
Project("{FAE04EC0-301F-11D3-BF4B-00C04F79EFBC}") = "MsgPack.Rpc.Server.UnitTest", "test\MsgPack.Rpc.Server.UnitTest\MsgPack.Rpc.Server.UnitTest.csproj", "{80AB610B-24E0-4853-AE24-0FFBBC5DD584}"
EndProject
Global
	GlobalSection(SolutionConfigurationPlatforms) = preSolution
		Debug|Any CPU = Debug|Any CPU
		Release|Any CPU = Release|Any CPU
	EndGlobalSection
	GlobalSection(ProjectConfigurationPlatforms) = postSolution
		{77ABC1A9-0719-47AD-B2E1-0B12E49E3CD2}.Debug|Any CPU.ActiveCfg = Debug|Any CPU
		{77ABC1A9-0719-47AD-B2E1-0B12E49E3CD2}.Debug|Any CPU.Build.0 = Debug|Any CPU
		{77ABC1A9-0719-47AD-B2E1-0B12E49E3CD2}.Release|Any CPU.ActiveCfg = Release|Any CPU
		{77ABC1A9-0719-47AD-B2E1-0B12E49E3CD2}.Release|Any CPU.Build.0 = Release|Any CPU
		{39C460F9-9BE8-4497-AC2F-09C3A66D8D12}.Debug|Any CPU.ActiveCfg = Debug|Any CPU
		{39C460F9-9BE8-4497-AC2F-09C3A66D8D12}.Debug|Any CPU.Build.0 = Debug|Any CPU
		{39C460F9-9BE8-4497-AC2F-09C3A66D8D12}.Release|Any CPU.ActiveCfg = Release|Any CPU
		{39C460F9-9BE8-4497-AC2F-09C3A66D8D12}.Release|Any CPU.Build.0 = Release|Any CPU
		{58547F06-05A0-4BBE-B07D-00CDB172CC5F}.Debug|Any CPU.ActiveCfg = Debug|Any CPU
		{58547F06-05A0-4BBE-B07D-00CDB172CC5F}.Debug|Any CPU.Build.0 = Debug|Any CPU
		{58547F06-05A0-4BBE-B07D-00CDB172CC5F}.Release|Any CPU.ActiveCfg = Release|Any CPU
		{58547F06-05A0-4BBE-B07D-00CDB172CC5F}.Release|Any CPU.Build.0 = Release|Any CPU
		{BE554B14-047B-44FF-8F4F-5C514FEB5F80}.Debug|Any CPU.ActiveCfg = Debug|Any CPU
		{BE554B14-047B-44FF-8F4F-5C514FEB5F80}.Debug|Any CPU.Build.0 = Debug|Any CPU
		{BE554B14-047B-44FF-8F4F-5C514FEB5F80}.Release|Any CPU.ActiveCfg = Release|Any CPU
		{BE554B14-047B-44FF-8F4F-5C514FEB5F80}.Release|Any CPU.Build.0 = Release|Any CPU
		{E293148A-C33A-4CD4-B324-9887D95BEE5F}.Debug|Any CPU.ActiveCfg = Debug|Any CPU
		{E293148A-C33A-4CD4-B324-9887D95BEE5F}.Debug|Any CPU.Build.0 = Debug|Any CPU
		{E293148A-C33A-4CD4-B324-9887D95BEE5F}.Release|Any CPU.ActiveCfg = Release|Any CPU
		{E293148A-C33A-4CD4-B324-9887D95BEE5F}.Release|Any CPU.Build.0 = Release|Any CPU
		{80AB610B-24E0-4853-AE24-0FFBBC5DD584}.Debug|Any CPU.ActiveCfg = Debug|Any CPU
		{80AB610B-24E0-4853-AE24-0FFBBC5DD584}.Debug|Any CPU.Build.0 = Debug|Any CPU
		{80AB610B-24E0-4853-AE24-0FFBBC5DD584}.Release|Any CPU.ActiveCfg = Release|Any CPU
		{80AB610B-24E0-4853-AE24-0FFBBC5DD584}.Release|Any CPU.Build.0 = Release|Any CPU
	EndGlobalSection
	GlobalSection(SolutionProperties) = preSolution
		HideSolutionNode = FALSE
	EndGlobalSection
	GlobalSection(NestedProjects) = preSolution
		{77ABC1A9-0719-47AD-B2E1-0B12E49E3CD2} = {0DDF2CFF-41EF-4A84-BB80-7C86FDD0C551}
		{39C460F9-9BE8-4497-AC2F-09C3A66D8D12} = {0DDF2CFF-41EF-4A84-BB80-7C86FDD0C551}
		{58547F06-05A0-4BBE-B07D-00CDB172CC5F} = {0DDF2CFF-41EF-4A84-BB80-7C86FDD0C551}
		{BE554B14-047B-44FF-8F4F-5C514FEB5F80} = {A0E70261-EF10-47D6-9C6D-AB0DCA95DBB7}
		{E293148A-C33A-4CD4-B324-9887D95BEE5F} = {A0E70261-EF10-47D6-9C6D-AB0DCA95DBB7}
		{80AB610B-24E0-4853-AE24-0FFBBC5DD584} = {A0E70261-EF10-47D6-9C6D-AB0DCA95DBB7}
	EndGlobalSection
EndGlobal
