
Microsoft Visual Studio Solution File, Format Version 11.00
# Visual Studio 2010
Project("{2150E333-8FDC-42A3-9474-1A3956D46DE8}") = "src", "src", "{0DDF2CFF-41EF-4A84-BB80-7C86FDD0C551}"
EndProject
Project("{2150E333-8FDC-42A3-9474-1A3956D46DE8}") = "Mono", "Mono", "{235DAE79-5302-4054-BDDA-3D111026918C}"
EndProject
Project("{FAE04EC0-301F-11D3-BF4B-00C04F79EFBC}") = "MsgPack.Rpc.Mono", "src\MsgPack.Rpc.Mono\MsgPack.Rpc.Mono.csproj", "{F9F4124A-B629-4285-A164-3137BF281892}"
EndProject
Project("{FAE04EC0-301F-11D3-BF4B-00C04F79EFBC}") = "MsgPack.Rpc.Server.Mono", "src\MsgPack.Rpc.Server.Mono\MsgPack.Rpc.Server.Mono.csproj", "{D8DAC23E-5CAD-4CB9-B40C-B55D72DFAA07}"
EndProject
Project("{FAE04EC0-301F-11D3-BF4B-00C04F79EFBC}") = "MsgPack.Rpc.Client.Mono", "src\MsgPack.Rpc.Client.Mono\MsgPack.Rpc.Client.Mono.csproj", "{1401A337-17BC-41A6-ACE8-F8FE2AB94960}"
EndProject
Project("{2150E333-8FDC-42A3-9474-1A3956D46DE8}") = "common", "common", "{3FC5570B-5B36-4141-8CF5-08A5D62B4257}"
	ProjectSection(SolutionItems) = preProject
		src\CommonAssemblyInfo.cs = src\CommonAssemblyInfo.cs
		src\CommonAssemblyInfo.Rpc.cs = src\CommonAssemblyInfo.Rpc.cs
		src\Configuration.ttinclude = src\Configuration.ttinclude
		lib\StructCS.ttinclude = lib\StructCS.ttinclude
		src\Trace.ttinclude = src\Trace.ttinclude
	EndProjectSection
EndProject
Project("{2150E333-8FDC-42A3-9474-1A3956D46DE8}") = "test", "test", "{A0E70261-EF10-47D6-9C6D-AB0DCA95DBB7}"
EndProject
Project("{2150E333-8FDC-42A3-9474-1A3956D46DE8}") = "Mono", "Mono", "{DB167B14-A9C1-4B56-9E16-92AB4954C506}"
EndProject
Project("{FAE04EC0-301F-11D3-BF4B-00C04F79EFBC}") = "MsgPack.Rpc.TestUtilities.Mono", "test\MsgPack.Rpc.TestUtilities.Mono\MsgPack.Rpc.TestUtilities.Mono.csproj", "{59F7A3B9-3580-4087-AFAC-627384B0BB7E}"
EndProject
Project("{FAE04EC0-301F-11D3-BF4B-00C04F79EFBC}") = "MsgPack.Rpc.UnitTest.Mono", "test\MsgPack.Rpc.UnitTest.Mono\MsgPack.Rpc.UnitTest.Mono.csproj", "{2BE666D4-7851-46B8-8ED0-2E491FA4C092}"
EndProject
Project("{FAE04EC0-301F-11D3-BF4B-00C04F79EFBC}") = "MsgPack.Rpc.Server.UnitTest.Mono", "test\MsgPack.Rpc.Server.UnitTest.Mono\MsgPack.Rpc.Server.UnitTest.Mono.csproj", "{A6B62032-39BF-47FB-916D-FB81E70CD456}"
EndProject
Project("{FAE04EC0-301F-11D3-BF4B-00C04F79EFBC}") = "MsgPack.Rpc.Client.UnitTest.Mono", "test\MsgPack.Rpc.Client.UnitTest.Mono\MsgPack.Rpc.Client.UnitTest.Mono.csproj", "{F2686A16-BDB4-4514-ABE4-0C7D2E270DE5}"
EndProject
Global
	GlobalSection(SolutionConfigurationPlatforms) = preSolution
		CodeAnalysis|Any CPU = CodeAnalysis|Any CPU
		Debug|Any CPU = Debug|Any CPU
		Release|Any CPU = Release|Any CPU
	EndGlobalSection
	GlobalSection(ProjectConfigurationPlatforms) = postSolution
		{1401A337-17BC-41A6-ACE8-F8FE2AB94960}.CodeAnalysis|Any CPU.ActiveCfg = Release|Any CPU
		{1401A337-17BC-41A6-ACE8-F8FE2AB94960}.CodeAnalysis|Any CPU.Build.0 = Release|Any CPU
		{1401A337-17BC-41A6-ACE8-F8FE2AB94960}.Debug|Any CPU.ActiveCfg = Debug|Any CPU
		{1401A337-17BC-41A6-ACE8-F8FE2AB94960}.Debug|Any CPU.Build.0 = Debug|Any CPU
		{1401A337-17BC-41A6-ACE8-F8FE2AB94960}.Release|Any CPU.ActiveCfg = Release|Any CPU
		{1401A337-17BC-41A6-ACE8-F8FE2AB94960}.Release|Any CPU.Build.0 = Release|Any CPU
		{2BE666D4-7851-46B8-8ED0-2E491FA4C092}.CodeAnalysis|Any CPU.ActiveCfg = Release|Any CPU
		{2BE666D4-7851-46B8-8ED0-2E491FA4C092}.CodeAnalysis|Any CPU.Build.0 = Release|Any CPU
		{2BE666D4-7851-46B8-8ED0-2E491FA4C092}.Debug|Any CPU.ActiveCfg = Debug|Any CPU
		{2BE666D4-7851-46B8-8ED0-2E491FA4C092}.Debug|Any CPU.Build.0 = Debug|Any CPU
		{2BE666D4-7851-46B8-8ED0-2E491FA4C092}.Release|Any CPU.ActiveCfg = Release|Any CPU
		{2BE666D4-7851-46B8-8ED0-2E491FA4C092}.Release|Any CPU.Build.0 = Release|Any CPU
		{59F7A3B9-3580-4087-AFAC-627384B0BB7E}.CodeAnalysis|Any CPU.ActiveCfg = Release|Any CPU
		{59F7A3B9-3580-4087-AFAC-627384B0BB7E}.CodeAnalysis|Any CPU.Build.0 = Release|Any CPU
		{59F7A3B9-3580-4087-AFAC-627384B0BB7E}.Debug|Any CPU.ActiveCfg = Debug|Any CPU
		{59F7A3B9-3580-4087-AFAC-627384B0BB7E}.Debug|Any CPU.Build.0 = Debug|Any CPU
		{59F7A3B9-3580-4087-AFAC-627384B0BB7E}.Release|Any CPU.ActiveCfg = Release|Any CPU
		{59F7A3B9-3580-4087-AFAC-627384B0BB7E}.Release|Any CPU.Build.0 = Release|Any CPU
		{A6B62032-39BF-47FB-916D-FB81E70CD456}.CodeAnalysis|Any CPU.ActiveCfg = Release|Any CPU
		{A6B62032-39BF-47FB-916D-FB81E70CD456}.CodeAnalysis|Any CPU.Build.0 = Release|Any CPU
		{A6B62032-39BF-47FB-916D-FB81E70CD456}.Debug|Any CPU.ActiveCfg = Debug|Any CPU
		{A6B62032-39BF-47FB-916D-FB81E70CD456}.Debug|Any CPU.Build.0 = Debug|Any CPU
		{A6B62032-39BF-47FB-916D-FB81E70CD456}.Release|Any CPU.ActiveCfg = Release|Any CPU
		{A6B62032-39BF-47FB-916D-FB81E70CD456}.Release|Any CPU.Build.0 = Release|Any CPU
		{D8DAC23E-5CAD-4CB9-B40C-B55D72DFAA07}.CodeAnalysis|Any CPU.ActiveCfg = Release|Any CPU
		{D8DAC23E-5CAD-4CB9-B40C-B55D72DFAA07}.CodeAnalysis|Any CPU.Build.0 = Release|Any CPU
		{D8DAC23E-5CAD-4CB9-B40C-B55D72DFAA07}.Debug|Any CPU.ActiveCfg = Debug|Any CPU
		{D8DAC23E-5CAD-4CB9-B40C-B55D72DFAA07}.Debug|Any CPU.Build.0 = Debug|Any CPU
		{D8DAC23E-5CAD-4CB9-B40C-B55D72DFAA07}.Release|Any CPU.ActiveCfg = Release|Any CPU
		{D8DAC23E-5CAD-4CB9-B40C-B55D72DFAA07}.Release|Any CPU.Build.0 = Release|Any CPU
		{F2686A16-BDB4-4514-ABE4-0C7D2E270DE5}.CodeAnalysis|Any CPU.ActiveCfg = Release|Any CPU
		{F2686A16-BDB4-4514-ABE4-0C7D2E270DE5}.CodeAnalysis|Any CPU.Build.0 = Release|Any CPU
		{F2686A16-BDB4-4514-ABE4-0C7D2E270DE5}.Debug|Any CPU.ActiveCfg = Debug|Any CPU
		{F2686A16-BDB4-4514-ABE4-0C7D2E270DE5}.Debug|Any CPU.Build.0 = Debug|Any CPU
		{F2686A16-BDB4-4514-ABE4-0C7D2E270DE5}.Release|Any CPU.ActiveCfg = Release|Any CPU
		{F2686A16-BDB4-4514-ABE4-0C7D2E270DE5}.Release|Any CPU.Build.0 = Release|Any CPU
		{F9F4124A-B629-4285-A164-3137BF281892}.CodeAnalysis|Any CPU.ActiveCfg = Release|Any CPU
		{F9F4124A-B629-4285-A164-3137BF281892}.CodeAnalysis|Any CPU.Build.0 = Release|Any CPU
		{F9F4124A-B629-4285-A164-3137BF281892}.Debug|Any CPU.ActiveCfg = Debug|Any CPU
		{F9F4124A-B629-4285-A164-3137BF281892}.Debug|Any CPU.Build.0 = Debug|Any CPU
		{F9F4124A-B629-4285-A164-3137BF281892}.Release|Any CPU.ActiveCfg = Release|Any CPU
		{F9F4124A-B629-4285-A164-3137BF281892}.Release|Any CPU.Build.0 = Release|Any CPU
	EndGlobalSection
	GlobalSection(NestedProjects) = preSolution
		{235DAE79-5302-4054-BDDA-3D111026918C} = {0DDF2CFF-41EF-4A84-BB80-7C86FDD0C551}
		{F9F4124A-B629-4285-A164-3137BF281892} = {235DAE79-5302-4054-BDDA-3D111026918C}
		{D8DAC23E-5CAD-4CB9-B40C-B55D72DFAA07} = {235DAE79-5302-4054-BDDA-3D111026918C}
		{1401A337-17BC-41A6-ACE8-F8FE2AB94960} = {235DAE79-5302-4054-BDDA-3D111026918C}
		{DB167B14-A9C1-4B56-9E16-92AB4954C506} = {A0E70261-EF10-47D6-9C6D-AB0DCA95DBB7}
		{59F7A3B9-3580-4087-AFAC-627384B0BB7E} = {DB167B14-A9C1-4B56-9E16-92AB4954C506}
		{2BE666D4-7851-46B8-8ED0-2E491FA4C092} = {DB167B14-A9C1-4B56-9E16-92AB4954C506}
		{A6B62032-39BF-47FB-916D-FB81E70CD456} = {DB167B14-A9C1-4B56-9E16-92AB4954C506}
		{F2686A16-BDB4-4514-ABE4-0C7D2E270DE5} = {DB167B14-A9C1-4B56-9E16-92AB4954C506}
	EndGlobalSection
	GlobalSection(MonoDevelopProperties) = preSolution
		StartupItem = src\MsgPack.Rpc.Mono\MsgPack.Rpc.Mono.csproj
	EndGlobalSection
	GlobalSection(SolutionProperties) = preSolution
		HideSolutionNode = FALSE
	EndGlobalSection
EndGlobal
